
Microsoft Visual Studio Solution File, Format Version 12.00
# Visual Studio 2017
Project("{FAE04EC0-301F-11D3-BF4B-00C04F79EFBC}") = "Hill_climb.Plugins", "Hill_climb.Plugins.csproj", "{F0524E36-1DF5-4CE1-77F0-022C3B109A5B}"
EndProject
Project("{FAE04EC0-301F-11D3-BF4B-00C04F79EFBC}") = "Hill_climb", "Hill_climb.csproj", "{F8ADABA0-97C5-A60C-F433-F4E9AC9A6AD4}"
EndProject
Project("{FAE04EC0-301F-11D3-BF4B-00C04F79EFBC}") = "Hill_climb.Editor.Plugins", "Hill_climb.Editor.Plugins.csproj", "{C465A73E-4EE4-7972-C3F2-F98701EA53E1}"
EndProject
Global
	GlobalSection(SolutionConfigurationPlatforms) = preSolution
		Debug|Any CPU = Debug|Any CPU
		Release|Any CPU = Release|Any CPU
	EndGlobalSection
	GlobalSection(ProjectConfigurationPlatforms) = postSolution
		{F0524E36-1DF5-4CE1-77F0-022C3B109A5B}.Debug|Any CPU.ActiveCfg = Debug|Any CPU
		{F0524E36-1DF5-4CE1-77F0-022C3B109A5B}.Debug|Any CPU.Build.0 = Debug|Any CPU
		{F0524E36-1DF5-4CE1-77F0-022C3B109A5B}.Release|Any CPU.ActiveCfg = Release|Any CPU
		{F0524E36-1DF5-4CE1-77F0-022C3B109A5B}.Release|Any CPU.Build.0 = Release|Any CPU
		{F8ADABA0-97C5-A60C-F433-F4E9AC9A6AD4}.Debug|Any CPU.ActiveCfg = Debug|Any CPU
		{F8ADABA0-97C5-A60C-F433-F4E9AC9A6AD4}.Debug|Any CPU.Build.0 = Debug|Any CPU
		{F8ADABA0-97C5-A60C-F433-F4E9AC9A6AD4}.Release|Any CPU.ActiveCfg = Release|Any CPU
		{F8ADABA0-97C5-A60C-F433-F4E9AC9A6AD4}.Release|Any CPU.Build.0 = Release|Any CPU
		{C465A73E-4EE4-7972-C3F2-F98701EA53E1}.Debug|Any CPU.ActiveCfg = Debug|Any CPU
		{C465A73E-4EE4-7972-C3F2-F98701EA53E1}.Debug|Any CPU.Build.0 = Debug|Any CPU
		{C465A73E-4EE4-7972-C3F2-F98701EA53E1}.Release|Any CPU.ActiveCfg = Release|Any CPU
		{C465A73E-4EE4-7972-C3F2-F98701EA53E1}.Release|Any CPU.Build.0 = Release|Any CPU
	EndGlobalSection
	GlobalSection(SolutionProperties) = preSolution
		HideSolutionNode = FALSE
	EndGlobalSection
EndGlobal
